{
  "name": "package.module.finder",
  "version": "0.1.7",
  "dependencies": {
    "a": {
      "version": "0.4.6",
      "from": "a@0.4.6",
      "resolved": "https://registry.npmjs.org/a/-/a-0.4.6.tgz",
      "dependencies": {
        "a_mock": {
          "version": "0.1.4",
          "from": "a_mock@0.1.4",
          "resolved": "https://registry.npmjs.org/a_mock/-/a_mock-0.1.4.tgz",
          "dependencies": {
            "deferred": {
              "version": "0.7.1",
              "from": "deferred@0.7.1",
              "resolved": "https://registry.npmjs.org/deferred/-/deferred-0.7.1.tgz",
              "dependencies": {
                "es5-ext": {
                  "version": "0.10.4",
                  "from": "es5-ext@~0.10.2",
                  "resolved": "https://registry.npmjs.org/es5-ext/-/es5-ext-0.10.4.tgz",
                  "dependencies": {
                    "es6-iterator": {
                      "version": "0.1.2",
                      "from": "es6-iterator@~0.1.1",
                      "resolved": "https://registry.npmjs.org/es6-iterator/-/es6-iterator-0.1.2.tgz"
                    },
                    "es6-symbol": {
                      "version": "0.1.1",
                      "from": "es6-symbol@0.1.x",
                      "resolved": "https://registry.npmjs.org/es6-symbol/-/es6-symbol-0.1.1.tgz"
                    }
                  }
                },
                "event-emitter": {
                  "version": "0.3.1",
                  "from": "event-emitter@~0.3.1",
                  "resolved": "https://registry.npmjs.org/event-emitter/-/event-emitter-0.3.1.tgz"
                },
                "d": {
                  "version": "0.1.1",
                  "from": "d@~0.1.1",
                  "resolved": "https://registry.npmjs.org/d/-/d-0.1.1.tgz"
                },
                "next-tick": {
                  "version": "0.2.2",
                  "from": "next-tick@~0.2.2",
                  "resolved": "https://registry.npmjs.org/next-tick/-/next-tick-0.2.2.tgz"
                }
              }
            }
          }
        },
        "a_test": {
          "version": "0.1.8",
          "from": "a_test@0.1.8",
          "resolved": "https://registry.npmjs.org/a_test/-/a_test-0.1.8.tgz"
        }
      }
    }
  }
}
